// !$*UTF8*$!
{
	archiveVersion = 1;
	classes = {
	};
	objectVersion = 50;
	objects = {

/* Begin PBXBuildFile section */
		4D2AEC6B0EA510D9E1A10DB0 /* Pods_MovieAppTask.framework in Frameworks */ = {isa = PBXBuildFile; fileRef = 167685E9CDDC5665B90DA591 /* Pods_MovieAppTask.framework */; };
		F64DC76E257FAC72008D890D /* MoviesViewModel.swift in Sources */ = {isa = PBXBuildFile; fileRef = F64DC76D257FAC72008D890D /* MoviesViewModel.swift */; };
		F64EC05D25801E3500BDE17E /* CollectionViewCell.swift in Sources */ = {isa = PBXBuildFile; fileRef = F64EC05B25801E3500BDE17E /* CollectionViewCell.swift */; };
		F64EC05E25801E3500BDE17E /* CollectionViewCell.xib in Resources */ = {isa = PBXBuildFile; fileRef = F64EC05C25801E3500BDE17E /* CollectionViewCell.xib */; };
		F64ECB8A25756C6F00054483 /* AppDelegate.swift in Sources */ = {isa = PBXBuildFile; fileRef = F64ECB8925756C6F00054483 /* AppDelegate.swift */; };
		F64ECB8C25756C6F00054483 /* SceneDelegate.swift in Sources */ = {isa = PBXBuildFile; fileRef = F64ECB8B25756C6F00054483 /* SceneDelegate.swift */; };
		F64ECB8E25756C6F00054483 /* ViewController.swift in Sources */ = {isa = PBXBuildFile; fileRef = F64ECB8D25756C6F00054483 /* ViewController.swift */; };
		F64ECB9125756C6F00054483 /* Main.storyboard in Resources */ = {isa = PBXBuildFile; fileRef = F64ECB8F25756C6F00054483 /* Main.storyboard */; };
		F64ECB9425756C6F00054483 /* MovieAppTask.xcdatamodeld in Sources */ = {isa = PBXBuildFile; fileRef = F64ECB9225756C6F00054483 /* MovieAppTask.xcdatamodeld */; };
		F64ECB9625756C7800054483 /* Assets.xcassets in Resources */ = {isa = PBXBuildFile; fileRef = F64ECB9525756C7800054483 /* Assets.xcassets */; };
		F64ECB9925756C7800054483 /* LaunchScreen.storyboard in Resources */ = {isa = PBXBuildFile; fileRef = F64ECB9725756C7800054483 /* LaunchScreen.storyboard */; };
		F64ECBA6257576BF00054483 /* CircularProgressView.swift in Sources */ = {isa = PBXBuildFile; fileRef = F64ECBA5257576BF00054483 /* CircularProgressView.swift */; };
		F64ECBAB257590D900054483 /* Movie.swift in Sources */ = {isa = PBXBuildFile; fileRef = F64ECBAA257590D900054483 /* Movie.swift */; };
		F64ECBAD2575970F00054483 /* Utils.swift in Sources */ = {isa = PBXBuildFile; fileRef = F64ECBAC2575970F00054483 /* Utils.swift */; };
		F64F25A1257E827800354524 /* CircularProgressView.xib in Resources */ = {isa = PBXBuildFile; fileRef = F64F25A0257E827800354524 /* CircularProgressView.xib */; };
		F64F25AB257EC21B00354524 /* SectionsController.swift in Sources */ = {isa = PBXBuildFile; fileRef = F64F25AA257EC21B00354524 /* SectionsController.swift */; };
		F65A2F5A2580F8480058D006 /* AlertDisplayer.swift in Sources */ = {isa = PBXBuildFile; fileRef = F65A2F592580F8480058D006 /* AlertDisplayer.swift */; };
		F690174C25779A200064F2D7 /* MovieService.swift in Sources */ = {isa = PBXBuildFile; fileRef = F690174B25779A200064F2D7 /* MovieService.swift */; };
		F690174E25779A5D0064F2D7 /* MovieStore.swift in Sources */ = {isa = PBXBuildFile; fileRef = F690174D25779A5D0064F2D7 /* MovieStore.swift */; };
		F69017522577A0AB0064F2D7 /* TableViewCell.swift in Sources */ = {isa = PBXBuildFile; fileRef = F69017502577A0AB0064F2D7 /* TableViewCell.swift */; };
		F69017532577A0AB0064F2D7 /* TableViewCell.xib in Resources */ = {isa = PBXBuildFile; fileRef = F69017512577A0AB0064F2D7 /* TableViewCell.xib */; };
		F69017572577B4FA0064F2D7 /* DetailsViewController.swift in Sources */ = {isa = PBXBuildFile; fileRef = F69017562577B4FA0064F2D7 /* DetailsViewController.swift */; };
/* End PBXBuildFile section */

/* Begin PBXFileReference section */
		167685E9CDDC5665B90DA591 /* Pods_MovieAppTask.framework */ = {isa = PBXFileReference; explicitFileType = wrapper.framework; includeInIndex = 0; path = Pods_MovieAppTask.framework; sourceTree = BUILT_PRODUCTS_DIR; };
		8022737709441DE36F9B7C62 /* Pods-MovieAppTask.debug.xcconfig */ = {isa = PBXFileReference; includeInIndex = 1; lastKnownFileType = text.xcconfig; name = "Pods-MovieAppTask.debug.xcconfig"; path = "Target Support Files/Pods-MovieAppTask/Pods-MovieAppTask.debug.xcconfig"; sourceTree = "<group>"; };
		91A280761597C7C2E3559B5D /* Pods-MovieAppTask.release.xcconfig */ = {isa = PBXFileReference; includeInIndex = 1; lastKnownFileType = text.xcconfig; name = "Pods-MovieAppTask.release.xcconfig"; path = "Target Support Files/Pods-MovieAppTask/Pods-MovieAppTask.release.xcconfig"; sourceTree = "<group>"; };
		F64DC76D257FAC72008D890D /* MoviesViewModel.swift */ = {isa = PBXFileReference; lastKnownFileType = sourcecode.swift; path = MoviesViewModel.swift; sourceTree = "<group>"; };
		F64EC05B25801E3500BDE17E /* CollectionViewCell.swift */ = {isa = PBXFileReference; lastKnownFileType = sourcecode.swift; path = CollectionViewCell.swift; sourceTree = "<group>"; };
		F64EC05C25801E3500BDE17E /* CollectionViewCell.xib */ = {isa = PBXFileReference; lastKnownFileType = file.xib; path = CollectionViewCell.xib; sourceTree = "<group>"; };
		F64ECB8625756C6F00054483 /* MovieAppTask.app */ = {isa = PBXFileReference; explicitFileType = wrapper.application; includeInIndex = 0; path = MovieAppTask.app; sourceTree = BUILT_PRODUCTS_DIR; };
		F64ECB8925756C6F00054483 /* AppDelegate.swift */ = {isa = PBXFileReference; lastKnownFileType = sourcecode.swift; path = AppDelegate.swift; sourceTree = "<group>"; };
		F64ECB8B25756C6F00054483 /* SceneDelegate.swift */ = {isa = PBXFileReference; lastKnownFileType = sourcecode.swift; path = SceneDelegate.swift; sourceTree = "<group>"; };
		F64ECB8D25756C6F00054483 /* ViewController.swift */ = {isa = PBXFileReference; lastKnownFileType = sourcecode.swift; path = ViewController.swift; sourceTree = "<group>"; };
		F64ECB9025756C6F00054483 /* Base */ = {isa = PBXFileReference; lastKnownFileType = file.storyboard; name = Base; path = Base.lproj/Main.storyboard; sourceTree = "<group>"; };
		F64ECB9325756C6F00054483 /* MovieAppTask.xcdatamodel */ = {isa = PBXFileReference; lastKnownFileType = wrapper.xcdatamodel; path = MovieAppTask.xcdatamodel; sourceTree = "<group>"; };
		F64ECB9525756C7800054483 /* Assets.xcassets */ = {isa = PBXFileReference; lastKnownFileType = folder.assetcatalog; path = Assets.xcassets; sourceTree = "<group>"; };
		F64ECB9825756C7800054483 /* Base */ = {isa = PBXFileReference; lastKnownFileType = file.storyboard; name = Base; path = Base.lproj/LaunchScreen.storyboard; sourceTree = "<group>"; };
		F64ECB9A25756C7800054483 /* Info.plist */ = {isa = PBXFileReference; lastKnownFileType = text.plist.xml; path = Info.plist; sourceTree = "<group>"; };
		F64ECBA5257576BF00054483 /* CircularProgressView.swift */ = {isa = PBXFileReference; lastKnownFileType = sourcecode.swift; path = CircularProgressView.swift; sourceTree = "<group>"; };
		F64ECBAA257590D900054483 /* Movie.swift */ = {isa = PBXFileReference; lastKnownFileType = sourcecode.swift; path = Movie.swift; sourceTree = "<group>"; };
		F64ECBAC2575970F00054483 /* Utils.swift */ = {isa = PBXFileReference; lastKnownFileType = sourcecode.swift; path = Utils.swift; sourceTree = "<group>"; };
		F64F25A0257E827800354524 /* CircularProgressView.xib */ = {isa = PBXFileReference; lastKnownFileType = file.xib; path = CircularProgressView.xib; sourceTree = "<group>"; };
		F64F25AA257EC21B00354524 /* SectionsController.swift */ = {isa = PBXFileReference; lastKnownFileType = sourcecode.swift; path = SectionsController.swift; sourceTree = "<group>"; };
		F65A2F592580F8480058D006 /* AlertDisplayer.swift */ = {isa = PBXFileReference; lastKnownFileType = sourcecode.swift; path = AlertDisplayer.swift; sourceTree = "<group>"; };
		F690174B25779A200064F2D7 /* MovieService.swift */ = {isa = PBXFileReference; lastKnownFileType = sourcecode.swift; path = MovieService.swift; sourceTree = "<group>"; };
		F690174D25779A5D0064F2D7 /* MovieStore.swift */ = {isa = PBXFileReference; lastKnownFileType = sourcecode.swift; path = MovieStore.swift; sourceTree = "<group>"; };
		F69017502577A0AB0064F2D7 /* TableViewCell.swift */ = {isa = PBXFileReference; lastKnownFileType = sourcecode.swift; path = TableViewCell.swift; sourceTree = "<group>"; };
		F69017512577A0AB0064F2D7 /* TableViewCell.xib */ = {isa = PBXFileReference; lastKnownFileType = file.xib; path = TableViewCell.xib; sourceTree = "<group>"; };
		F69017562577B4FA0064F2D7 /* DetailsViewController.swift */ = {isa = PBXFileReference; lastKnownFileType = sourcecode.swift; path = DetailsViewController.swift; sourceTree = "<group>"; };
/* End PBXFileReference section */

/* Begin PBXFrameworksBuildPhase section */
		F64ECB8325756C6F00054483 /* Frameworks */ = {
			isa = PBXFrameworksBuildPhase;
			buildActionMask = 2147483647;
			files = (
				4D2AEC6B0EA510D9E1A10DB0 /* Pods_MovieAppTask.framework in Frameworks */,
			);
			runOnlyForDeploymentPostprocessing = 0;
		};
/* End PBXFrameworksBuildPhase section */

/* Begin PBXGroup section */
		639B2DA809EBFEDA47C06A49 /* Frameworks */ = {
			isa = PBXGroup;
			children = (
				167685E9CDDC5665B90DA591 /* Pods_MovieAppTask.framework */,
			);
			name = Frameworks;
			sourceTree = "<group>";
		};
		D80C63243AA219FF13DB7486 /* Pods */ = {
			isa = PBXGroup;
			children = (
				8022737709441DE36F9B7C62 /* Pods-MovieAppTask.debug.xcconfig */,
				91A280761597C7C2E3559B5D /* Pods-MovieAppTask.release.xcconfig */,
			);
			path = Pods;
			sourceTree = "<group>";
		};
		F64DC76C257FAC40008D890D /* ViewModels */ = {
			isa = PBXGroup;
			children = (
				F64DC76D257FAC72008D890D /* MoviesViewModel.swift */,
			);
			path = ViewModels;
			sourceTree = "<group>";
		};
		F64EC05A25801E0E00BDE17E /* CollectionViewCell */ = {
			isa = PBXGroup;
			children = (
				F64EC05B25801E3500BDE17E /* CollectionViewCell.swift */,
				F64EC05C25801E3500BDE17E /* CollectionViewCell.xib */,
			);
			path = CollectionViewCell;
			sourceTree = "<group>";
		};
		F64ECB7D25756C6F00054483 = {
			isa = PBXGroup;
			children = (
				F64ECB8825756C6F00054483 /* MovieAppTask */,
				F64ECB8725756C6F00054483 /* Products */,
				D80C63243AA219FF13DB7486 /* Pods */,
				639B2DA809EBFEDA47C06A49 /* Frameworks */,
			);
			sourceTree = "<group>";
		};
		F64ECB8725756C6F00054483 /* Products */ = {
			isa = PBXGroup;
			children = (
				F64ECB8625756C6F00054483 /* MovieAppTask.app */,
			);
			name = Products;
			sourceTree = "<group>";
		};
		F64ECB8825756C6F00054483 /* MovieAppTask */ = {
			isa = PBXGroup;
			children = (
				F65A2F582580F81F0058D006 /* Extensions */,
				F64DC76C257FAC40008D890D /* ViewModels */,
				F64ECBAF2575978B00054483 /* Services */,
				F64ECBAE2575973E00054483 /* Utils */,
				F64ECBA22575710200054483 /* Controllers */,
				F64ECBA1257570F900054483 /* Models */,
				F64ECBA0257570C900054483 /* Views */,
				F64ECB8925756C6F00054483 /* AppDelegate.swift */,
				F64ECB8B25756C6F00054483 /* SceneDelegate.swift */,
				F64ECB9525756C7800054483 /* Assets.xcassets */,
				F64ECB9A25756C7800054483 /* Info.plist */,
				F64ECB9225756C6F00054483 /* MovieAppTask.xcdatamodeld */,
			);
			path = MovieAppTask;
			sourceTree = "<group>";
		};
		F64ECBA0257570C900054483 /* Views */ = {
			isa = PBXGroup;
			children = (
				F64EC05A25801E0E00BDE17E /* CollectionViewCell */,
				F64F259F257E823900354524 /* CircularProgressView */,
				F690174F2577A0870064F2D7 /* TableViewCell */,
				F64ECB9725756C7800054483 /* LaunchScreen.storyboard */,
				F64ECB8F25756C6F00054483 /* Main.storyboard */,
			);
			path = Views;
			sourceTree = "<group>";
		};
		F64ECBA1257570F900054483 /* Models */ = {
			isa = PBXGroup;
			children = (
				F64ECBAA257590D900054483 /* Movie.swift */,
			);
			path = Models;
			sourceTree = "<group>";
		};
		F64ECBA22575710200054483 /* Controllers */ = {
			isa = PBXGroup;
			children = (
				F64ECB8D25756C6F00054483 /* ViewController.swift */,
				F64F25AA257EC21B00354524 /* SectionsController.swift */,
				F69017562577B4FA0064F2D7 /* DetailsViewController.swift */,
			);
			path = Controllers;
			sourceTree = "<group>";
		};
		F64ECBAE2575973E00054483 /* Utils */ = {
			isa = PBXGroup;
			children = (
				F64ECBAC2575970F00054483 /* Utils.swift */,
			);
			path = Utils;
			sourceTree = "<group>";
		};
		F64ECBAF2575978B00054483 /* Services */ = {
			isa = PBXGroup;
			children = (
				F690174B25779A200064F2D7 /* MovieService.swift */,
				F690174D25779A5D0064F2D7 /* MovieStore.swift */,
			);
			path = Services;
			sourceTree = "<group>";
		};
		F64F259F257E823900354524 /* CircularProgressView */ = {
			isa = PBXGroup;
			children = (
				F64ECBA5257576BF00054483 /* CircularProgressView.swift */,
				F64F25A0257E827800354524 /* CircularProgressView.xib */,
			);
			path = CircularProgressView;
			sourceTree = "<group>";
		};
		F65A2F582580F81F0058D006 /* Extensions */ = {
			isa = PBXGroup;
			children = (
				F65A2F592580F8480058D006 /* AlertDisplayer.swift */,
			);
			path = Extensions;
			sourceTree = "<group>";
		};
		F690174F2577A0870064F2D7 /* TableViewCell */ = {
			isa = PBXGroup;
			children = (
				F69017502577A0AB0064F2D7 /* TableViewCell.swift */,
				F69017512577A0AB0064F2D7 /* TableViewCell.xib */,
			);
			path = TableViewCell;
			sourceTree = "<group>";
		};
/* End PBXGroup section */

/* Begin PBXNativeTarget section */
		F64ECB8525756C6F00054483 /* MovieAppTask */ = {
			isa = PBXNativeTarget;
			buildConfigurationList = F64ECB9D25756C7800054483 /* Build configuration list for PBXNativeTarget "MovieAppTask" */;
			buildPhases = (
				F65A2F5B2580FDEB0058D006 /* ShellScript */,
				A7F16F98740D3C13C247D361 /* [CP] Check Pods Manifest.lock */,
				F64ECB8225756C6F00054483 /* Sources */,
				F64ECB8325756C6F00054483 /* Frameworks */,
				F64ECB8425756C6F00054483 /* Resources */,
			);
			buildRules = (
			);
			dependencies = (
			);
			name = MovieAppTask;
			productName = MovieAppTask;
			productReference = F64ECB8625756C6F00054483 /* MovieAppTask.app */;
			productType = "com.apple.product-type.application";
		};
/* End PBXNativeTarget section */

/* Begin PBXProject section */
		F64ECB7E25756C6F00054483 /* Project object */ = {
			isa = PBXProject;
			attributes = {
				LastSwiftUpdateCheck = 1170;
				LastUpgradeCheck = 1170;
				ORGANIZATIONNAME = "Vitalii Tar";
				TargetAttributes = {
					F64ECB8525756C6F00054483 = {
						CreatedOnToolsVersion = 11.7;
					};
				};
			};
			buildConfigurationList = F64ECB8125756C6F00054483 /* Build configuration list for PBXProject "MovieAppTask" */;
			compatibilityVersion = "Xcode 9.3";
			developmentRegion = en;
			hasScannedForEncodings = 0;
			knownRegions = (
				en,
				Base,
			);
			mainGroup = F64ECB7D25756C6F00054483;
			productRefGroup = F64ECB8725756C6F00054483 /* Products */;
			projectDirPath = "";
			projectRoot = "";
			targets = (
				F64ECB8525756C6F00054483 /* MovieAppTask */,
			);
		};
/* End PBXProject section */

/* Begin PBXResourcesBuildPhase section */
		F64ECB8425756C6F00054483 /* Resources */ = {
			isa = PBXResourcesBuildPhase;
			buildActionMask = 2147483647;
			files = (
				F64ECB9925756C7800054483 /* LaunchScreen.storyboard in Resources */,
				F69017532577A0AB0064F2D7 /* TableViewCell.xib in Resources */,
				F64EC05E25801E3500BDE17E /* CollectionViewCell.xib in Resources */,
				F64ECB9625756C7800054483 /* Assets.xcassets in Resources */,
				F64F25A1257E827800354524 /* CircularProgressView.xib in Resources */,
				F64ECB9125756C6F00054483 /* Main.storyboard in Resources */,
			);
			runOnlyForDeploymentPostprocessing = 0;
		};
/* End PBXResourcesBuildPhase section */

/* Begin PBXShellScriptBuildPhase section */
		A7F16F98740D3C13C247D361 /* [CP] Check Pods Manifest.lock */ = {
			isa = PBXShellScriptBuildPhase;
			buildActionMask = 2147483647;
			files = (
			);
			inputFileListPaths = (
			);
			inputPaths = (
				"${PODS_PODFILE_DIR_PATH}/Podfile.lock",
				"${PODS_ROOT}/Manifest.lock",
			);
			name = "[CP] Check Pods Manifest.lock";
			outputFileListPaths = (
			);
			outputPaths = (
				"$(DERIVED_FILE_DIR)/Pods-MovieAppTask-checkManifestLockResult.txt",
			);
			runOnlyForDeploymentPostprocessing = 0;
			shellPath = /bin/sh;
			shellScript = "diff \"${PODS_PODFILE_DIR_PATH}/Podfile.lock\" \"${PODS_ROOT}/Manifest.lock\" > /dev/null\nif [ $? != 0 ] ; then\n    # print error to STDERR\n    echo \"error: The sandbox is not in sync with the Podfile.lock. Run 'pod install' or update your CocoaPods installation.\" >&2\n    exit 1\nfi\n# This output is used by Xcode 'outputs' to avoid re-running this script phase.\necho \"SUCCESS\" > \"${SCRIPT_OUTPUT_FILE_0}\"\n";
			showEnvVarsInLog = 0;
		};
		F65A2F5B2580FDEB0058D006 /* ShellScript */ = {
			isa = PBXShellScriptBuildPhase;
			buildActionMask = 2147483647;
			files = (
			);
			inputFileListPaths = (
			);
			inputPaths = (
			);
			outputFileListPaths = (
			);
			outputPaths = (
			);
			runOnlyForDeploymentPostprocessing = 0;
			shellPath = /bin/sh;
			shellScript = "${PODS_ROOT}/SwiftLint/swiftlint\n";
		};
/* End PBXShellScriptBuildPhase section */

/* Begin PBXSourcesBuildPhase section */
		F64ECB8225756C6F00054483 /* Sources */ = {
			isa = PBXSourcesBuildPhase;
			buildActionMask = 2147483647;
			files = (
				F64ECBAB257590D900054483 /* Movie.swift in Sources */,
				F64ECB8E25756C6F00054483 /* ViewController.swift in Sources */,
				F64ECB9425756C6F00054483 /* MovieAppTask.xcdatamodeld in Sources */,
				F65A2F5A2580F8480058D006 /* AlertDisplayer.swift in Sources */,
				F69017572577B4FA0064F2D7 /* DetailsViewController.swift in Sources */,
				F64ECBAD2575970F00054483 /* Utils.swift in Sources */,
				F690174E25779A5D0064F2D7 /* MovieStore.swift in Sources */,
				F69017522577A0AB0064F2D7 /* TableViewCell.swift in Sources */,
				F64DC76E257FAC72008D890D /* MoviesViewModel.swift in Sources */,
				F64ECB8A25756C6F00054483 /* AppDelegate.swift in Sources */,
				F64ECBA6257576BF00054483 /* CircularProgressView.swift in Sources */,
				F64EC05D25801E3500BDE17E /* CollectionViewCell.swift in Sources */,
				F690174C25779A200064F2D7 /* MovieService.swift in Sources */,
				F64ECB8C25756C6F00054483 /* SceneDelegate.swift in Sources */,
				F64F25AB257EC21B00354524 /* SectionsController.swift in Sources */,
			);
			runOnlyForDeploymentPostprocessing = 0;
		};
/* End PBXSourcesBuildPhase section */

/* Begin PBXVariantGroup section */
		F64ECB8F25756C6F00054483 /* Main.storyboard */ = {
			isa = PBXVariantGroup;
			children = (
				F64ECB9025756C6F00054483 /* Base */,
			);
			name = Main.storyboard;
			sourceTree = "<group>";
		};
		F64ECB9725756C7800054483 /* LaunchScreen.storyboard */ = {
			isa = PBXVariantGroup;
			children = (
				F64ECB9825756C7800054483 /* Base */,
			);
			name = LaunchScreen.storyboard;
			sourceTree = "<group>";
		};
/* End PBXVariantGroup section */

/* Begin XCBuildConfiguration section */
		F64ECB9B25756C7800054483 /* Debug */ = {
			isa = XCBuildConfiguration;
			buildSettings = {
				ALWAYS_SEARCH_USER_PATHS = NO;
				CLANG_ANALYZER_NONNULL = YES;
				CLANG_ANALYZER_NUMBER_OBJECT_CONVERSION = YES_AGGRESSIVE;
				CLANG_CXX_LANGUAGE_STANDARD = "gnu++14";
				CLANG_CXX_LIBRARY = "libc++";
				CLANG_ENABLE_MODULES = YES;
				CLANG_ENABLE_OBJC_ARC = YES;
				CLANG_ENABLE_OBJC_WEAK = YES;
				CLANG_WARN_BLOCK_CAPTURE_AUTORELEASING = YES;
				CLANG_WARN_BOOL_CONVERSION = YES;
				CLANG_WARN_COMMA = YES;
				CLANG_WARN_CONSTANT_CONVERSION = YES;
				CLANG_WARN_DEPRECATED_OBJC_IMPLEMENTATIONS = YES;
				CLANG_WARN_DIRECT_OBJC_ISA_USAGE = YES_ERROR;
				CLANG_WARN_DOCUMENTATION_COMMENTS = YES;
				CLANG_WARN_EMPTY_BODY = YES;
				CLANG_WARN_ENUM_CONVERSION = YES;
				CLANG_WARN_INFINITE_RECURSION = YES;
				CLANG_WARN_INT_CONVERSION = YES;
				CLANG_WARN_NON_LITERAL_NULL_CONVERSION = YES;
				CLANG_WARN_OBJC_IMPLICIT_RETAIN_SELF = YES;
				CLANG_WARN_OBJC_LITERAL_CONVERSION = YES;
				CLANG_WARN_OBJC_ROOT_CLASS = YES_ERROR;
				CLANG_WARN_RANGE_LOOP_ANALYSIS = YES;
				CLANG_WARN_STRICT_PROTOTYPES = YES;
				CLANG_WARN_SUSPICIOUS_MOVE = YES;
				CLANG_WARN_UNGUARDED_AVAILABILITY = YES_AGGRESSIVE;
				CLANG_WARN_UNREACHABLE_CODE = YES;
				CLANG_WARN__DUPLICATE_METHOD_MATCH = YES;
				COPY_PHASE_STRIP = NO;
				DEBUG_INFORMATION_FORMAT = dwarf;
				ENABLE_STRICT_OBJC_MSGSEND = YES;
				ENABLE_TESTABILITY = YES;
				GCC_C_LANGUAGE_STANDARD = gnu11;
				GCC_DYNAMIC_NO_PIC = NO;
				GCC_NO_COMMON_BLOCKS = YES;
				GCC_OPTIMIZATION_LEVEL = 0;
				GCC_PREPROCESSOR_DEFINITIONS = (
					"DEBUG=1",
					"$(inherited)",
				);
				GCC_WARN_64_TO_32_BIT_CONVERSION = YES;
				GCC_WARN_ABOUT_RETURN_TYPE = YES_ERROR;
				GCC_WARN_UNDECLARED_SELECTOR = YES;
				GCC_WARN_UNINITIALIZED_AUTOS = YES_AGGRESSIVE;
				GCC_WARN_UNUSED_FUNCTION = YES;
				GCC_WARN_UNUSED_VARIABLE = YES;
				IPHONEOS_DEPLOYMENT_TARGET = 13.7;
				MTL_ENABLE_DEBUG_INFO = INCLUDE_SOURCE;
				MTL_FAST_MATH = YES;
				ONLY_ACTIVE_ARCH = YES;
				SDKROOT = iphoneos;
				SWIFT_ACTIVE_COMPILATION_CONDITIONS = DEBUG;
				SWIFT_OPTIMIZATION_LEVEL = "-Onone";
			};
			name = Debug;
		};
		F64ECB9C25756C7800054483 /* Release */ = {
			isa = XCBuildConfiguration;
			buildSettings = {
				ALWAYS_SEARCH_USER_PATHS = NO;
				CLANG_ANALYZER_NONNULL = YES;
				CLANG_ANALYZER_NUMBER_OBJECT_CONVERSION = YES_AGGRESSIVE;
				CLANG_CXX_LANGUAGE_STANDARD = "gnu++14";
				CLANG_CXX_LIBRARY = "libc++";
				CLANG_ENABLE_MODULES = YES;
				CLANG_ENABLE_OBJC_ARC = YES;
				CLANG_ENABLE_OBJC_WEAK = YES;
				CLANG_WARN_BLOCK_CAPTURE_AUTORELEASING = YES;
				CLANG_WARN_BOOL_CONVERSION = YES;
				CLANG_WARN_COMMA = YES;
				CLANG_WARN_CONSTANT_CONVERSION = YES;
				CLANG_WARN_DEPRECATED_OBJC_IMPLEMENTATIONS = YES;
				CLANG_WARN_DIRECT_OBJC_ISA_USAGE = YES_ERROR;
				CLANG_WARN_DOCUMENTATION_COMMENTS = YES;
				CLANG_WARN_EMPTY_BODY = YES;
				CLANG_WARN_ENUM_CONVERSION = YES;
				CLANG_WARN_INFINITE_RECURSION = YES;
				CLANG_WARN_INT_CONVERSION = YES;
				CLANG_WARN_NON_LITERAL_NULL_CONVERSION = YES;
				CLANG_WARN_OBJC_IMPLICIT_RETAIN_SELF = YES;
				CLANG_WARN_OBJC_LITERAL_CONVERSION = YES;
				CLANG_WARN_OBJC_ROOT_CLASS = YES_ERROR;
				CLANG_WARN_RANGE_LOOP_ANALYSIS = YES;
				CLANG_WARN_STRICT_PROTOTYPES = YES;
				CLANG_WARN_SUSPICIOUS_MOVE = YES;
				CLANG_WARN_UNGUARDED_AVAILABILITY = YES_AGGRESSIVE;
				CLANG_WARN_UNREACHABLE_CODE = YES;
				CLANG_WARN__DUPLICATE_METHOD_MATCH = YES;
				COPY_PHASE_STRIP = NO;
				DEBUG_INFORMATION_FORMAT = "dwarf-with-dsym";
				ENABLE_NS_ASSERTIONS = NO;
				ENABLE_STRICT_OBJC_MSGSEND = YES;
				GCC_C_LANGUAGE_STANDARD = gnu11;
				GCC_NO_COMMON_BLOCKS = YES;
				GCC_WARN_64_TO_32_BIT_CONVERSION = YES;
				GCC_WARN_ABOUT_RETURN_TYPE = YES_ERROR;
				GCC_WARN_UNDECLARED_SELECTOR = YES;
				GCC_WARN_UNINITIALIZED_AUTOS = YES_AGGRESSIVE;
				GCC_WARN_UNUSED_FUNCTION = YES;
				GCC_WARN_UNUSED_VARIABLE = YES;
				IPHONEOS_DEPLOYMENT_TARGET = 13.7;
				MTL_ENABLE_DEBUG_INFO = NO;
				MTL_FAST_MATH = YES;
				SDKROOT = iphoneos;
				SWIFT_COMPILATION_MODE = wholemodule;
				SWIFT_OPTIMIZATION_LEVEL = "-O";
				VALIDATE_PRODUCT = YES;
			};
			name = Release;
		};
		F64ECB9E25756C7800054483 /* Debug */ = {
			isa = XCBuildConfiguration;
			baseConfigurationReference = 8022737709441DE36F9B7C62 /* Pods-MovieAppTask.debug.xcconfig */;
			buildSettings = {
				ASSETCATALOG_COMPILER_APPICON_NAME = AppIcon;
				CODE_SIGN_STYLE = Automatic;
				INFOPLIST_FILE = MovieAppTask/Info.plist;
				LD_RUNPATH_SEARCH_PATHS = (
					"$(inherited)",
					"@executable_path/Frameworks",
				);
				PRODUCT_BUNDLE_IDENTIFIER = ccc.MovieAppTask;
				PRODUCT_NAME = "$(TARGET_NAME)";
				SWIFT_VERSION = 5.0;
				TARGETED_DEVICE_FAMILY = "1,2";
			};
			name = Debug;
		};
		F64ECB9F25756C7800054483 /* Release */ = {
			isa = XCBuildConfiguration;
			baseConfigurationReference = 91A280761597C7C2E3559B5D /* Pods-MovieAppTask.release.xcconfig */;
			buildSettings = {
				ASSETCATALOG_COMPILER_APPICON_NAME = AppIcon;
				CODE_SIGN_STYLE = Automatic;
				INFOPLIST_FILE = MovieAppTask/Info.plist;
				LD_RUNPATH_SEARCH_PATHS = (
					"$(inherited)",
					"@executable_path/Frameworks",
				);
				PRODUCT_BUNDLE_IDENTIFIER = ccc.MovieAppTask;
				PRODUCT_NAME = "$(TARGET_NAME)";
				SWIFT_VERSION = 5.0;
				TARGETED_DEVICE_FAMILY = "1,2";
			};
			name = Release;
		};
/* End XCBuildConfiguration section */

/* Begin XCConfigurationList section */
		F64ECB8125756C6F00054483 /* Build configuration list for PBXProject "MovieAppTask" */ = {
			isa = XCConfigurationList;
			buildConfigurations = (
				F64ECB9B25756C7800054483 /* Debug */,
				F64ECB9C25756C7800054483 /* Release */,
			);
			defaultConfigurationIsVisible = 0;
			defaultConfigurationName = Release;
		};
		F64ECB9D25756C7800054483 /* Build configuration list for PBXNativeTarget "MovieAppTask" */ = {
			isa = XCConfigurationList;
			buildConfigurations = (
				F64ECB9E25756C7800054483 /* Debug */,
				F64ECB9F25756C7800054483 /* Release */,
			);
			defaultConfigurationIsVisible = 0;
			defaultConfigurationName = Release;
		};
/* End XCConfigurationList section */

/* Begin XCVersionGroup section */
		F64ECB9225756C6F00054483 /* MovieAppTask.xcdatamodeld */ = {
			isa = XCVersionGroup;
			children = (
				F64ECB9325756C6F00054483 /* MovieAppTask.xcdatamodel */,
			);
			currentVersion = F64ECB9325756C6F00054483 /* MovieAppTask.xcdatamodel */;
			path = MovieAppTask.xcdatamodeld;
			sourceTree = "<group>";
			versionGroupType = wrapper.xcdatamodel;
		};
/* End XCVersionGroup section */
	};
	rootObject = F64ECB7E25756C6F00054483 /* Project object */;
}
